// !$*UTF8*$!
{
	archiveVersion = 1;
	classes = {
	};
	objectVersion = 77;
	objects = {

/* Begin PBXContainerItemProxy section */
		68CA116B2D0866CF0040A1BF /* PBXContainerItemProxy */ = {
			isa = PBXContainerItemProxy;
			containerPortal = 68CA11502D0866CE0040A1BF /* Project object */;
			proxyType = 1;
			remoteGlobalIDString = 68CA11572D0866CE0040A1BF;
			remoteInfo = WidgetLayout;
		};
		68CA11752D0866CF0040A1BF /* PBXContainerItemProxy */ = {
			isa = PBXContainerItemProxy;
			containerPortal = 68CA11502D0866CE0040A1BF /* Project object */;
			proxyType = 1;
			remoteGlobalIDString = 68CA11572D0866CE0040A1BF;
			remoteInfo = WidgetLayout;
		};
/* End PBXContainerItemProxy section */

/* Begin PBXFileReference section */
		68CA11582D0866CE0040A1BF /* WidgetLayout.app */ = {isa = PBXFileReference; explicitFileType = wrapper.application; includeInIndex = 0; path = WidgetLayout.app; sourceTree = BUILT_PRODUCTS_DIR; };
		68CA116A2D0866CF0040A1BF /* WidgetLayoutTests.xctest */ = {isa = PBXFileReference; explicitFileType = wrapper.cfbundle; includeInIndex = 0; path = WidgetLayoutTests.xctest; sourceTree = BUILT_PRODUCTS_DIR; };
		68CA11742D0866CF0040A1BF /* WidgetLayoutUITests.xctest */ = {isa = PBXFileReference; explicitFileType = wrapper.cfbundle; includeInIndex = 0; path = WidgetLayoutUITests.xctest; sourceTree = BUILT_PRODUCTS_DIR; };
/* End PBXFileReference section */

/* Begin PBXFileSystemSynchronizedRootGroup section */
		68CA115A2D0866CE0040A1BF /* WidgetLayout */ = {
			isa = PBXFileSystemSynchronizedRootGroup;
			path = WidgetLayout;
			sourceTree = "<group>";
		};
		68CA116D2D0866CF0040A1BF /* WidgetLayoutTests */ = {
			isa = PBXFileSystemSynchronizedRootGroup;
			path = WidgetLayoutTests;
			sourceTree = "<group>";
		};
		68CA11772D0866CF0040A1BF /* WidgetLayoutUITests */ = {
			isa = PBXFileSystemSynchronizedRootGroup;
			path = WidgetLayoutUITests;
			sourceTree = "<group>";
		};
/* End PBXFileSystemSynchronizedRootGroup section */

/* Begin PBXFrameworksBuildPhase section */
		68CA11552D0866CE0040A1BF /* Frameworks */ = {
			isa = PBXFrameworksBuildPhase;
			buildActionMask = 2147483647;
			files = (
			);
			runOnlyForDeploymentPostprocessing = 0;
		};
		68CA11672D0866CF0040A1BF /* Frameworks */ = {
			isa = PBXFrameworksBuildPhase;
			buildActionMask = 2147483647;
			files = (
			);
			runOnlyForDeploymentPostprocessing = 0;
		};
		68CA11712D0866CF0040A1BF /* Frameworks */ = {
			isa = PBXFrameworksBuildPhase;
			buildActionMask = 2147483647;
			files = (
			);
			runOnlyForDeploymentPostprocessing = 0;
		};
/* End PBXFrameworksBuildPhase section */

/* Begin PBXGroup section */
		68CA114F2D0866CE0040A1BF = {
			isa = PBXGroup;
			children = (
				68CA115A2D0866CE0040A1BF /* WidgetLayout */,
				68CA116D2D0866CF0040A1BF /* WidgetLayoutTests */,
				68CA11772D0866CF0040A1BF /* WidgetLayoutUITests */,
				68CA11592D0866CE0040A1BF /* Products */,
			);
			sourceTree = "<group>";
		};
		68CA11592D0866CE0040A1BF /* Products */ = {
			isa = PBXGroup;
			children = (
				68CA11582D0866CE0040A1BF /* WidgetLayout.app */,
				68CA116A2D0866CF0040A1BF /* WidgetLayoutTests.xctest */,
				68CA11742D0866CF0040A1BF /* WidgetLayoutUITests.xctest */,
			);
			name = Products;
			sourceTree = "<group>";
		};
/* End PBXGroup section */

/* Begin PBXNativeTarget section */
		68CA11572D0866CE0040A1BF /* WidgetLayout */ = {
			isa = PBXNativeTarget;
			buildConfigurationList = 68CA117E2D0866CF0040A1BF /* Build configuration list for PBXNativeTarget "WidgetLayout" */;
			buildPhases = (
				68CA11542D0866CE0040A1BF /* Sources */,
				68CA11552D0866CE0040A1BF /* Frameworks */,
				68CA11562D0866CE0040A1BF /* Resources */,
			);
			buildRules = (
			);
			dependencies = (
			);
			fileSystemSynchronizedGroups = (
				68CA115A2D0866CE0040A1BF /* WidgetLayout */,
			);
			name = WidgetLayout;
			packageProductDependencies = (
			);
			productName = WidgetLayout;
			productReference = 68CA11582D0866CE0040A1BF /* WidgetLayout.app */;
			productType = "com.apple.product-type.application";
		};
		68CA11692D0866CF0040A1BF /* WidgetLayoutTests */ = {
			isa = PBXNativeTarget;
			buildConfigurationList = 68CA11812D0866CF0040A1BF /* Build configuration list for PBXNativeTarget "WidgetLayoutTests" */;
			buildPhases = (
				68CA11662D0866CF0040A1BF /* Sources */,
				68CA11672D0866CF0040A1BF /* Frameworks */,
				68CA11682D0866CF0040A1BF /* Resources */,
			);
			buildRules = (
			);
			dependencies = (
				68CA116C2D0866CF0040A1BF /* PBXTargetDependency */,
			);
			fileSystemSynchronizedGroups = (
				68CA116D2D0866CF0040A1BF /* WidgetLayoutTests */,
			);
			name = WidgetLayoutTests;
			packageProductDependencies = (
			);
			productName = WidgetLayoutTests;
			productReference = 68CA116A2D0866CF0040A1BF /* WidgetLayoutTests.xctest */;
			productType = "com.apple.product-type.bundle.unit-test";
		};
		68CA11732D0866CF0040A1BF /* WidgetLayoutUITests */ = {
			isa = PBXNativeTarget;
			buildConfigurationList = 68CA11842D0866CF0040A1BF /* Build configuration list for PBXNativeTarget "WidgetLayoutUITests" */;
			buildPhases = (
				68CA11702D0866CF0040A1BF /* Sources */,
				68CA11712D0866CF0040A1BF /* Frameworks */,
				68CA11722D0866CF0040A1BF /* Resources */,
			);
			buildRules = (
			);
			dependencies = (
				68CA11762D0866CF0040A1BF /* PBXTargetDependency */,
			);
			fileSystemSynchronizedGroups = (
				68CA11772D0866CF0040A1BF /* WidgetLayoutUITests */,
			);
			name = WidgetLayoutUITests;
			packageProductDependencies = (
			);
			productName = WidgetLayoutUITests;
			productReference = 68CA11742D0866CF0040A1BF /* WidgetLayoutUITests.xctest */;
			productType = "com.apple.product-type.bundle.ui-testing";
		};
/* End PBXNativeTarget section */

/* Begin PBXProject section */
		68CA11502D0866CE0040A1BF /* Project object */ = {
			isa = PBXProject;
			attributes = {
				BuildIndependentTargetsInParallel = 1;
				LastSwiftUpdateCheck = 1610;
				LastUpgradeCheck = 1610;
				TargetAttributes = {
					68CA11572D0866CE0040A1BF = {
						CreatedOnToolsVersion = 16.1;
					};
					68CA11692D0866CF0040A1BF = {
						CreatedOnToolsVersion = 16.1;
						TestTargetID = 68CA11572D0866CE0040A1BF;
					};
					68CA11732D0866CF0040A1BF = {
						CreatedOnToolsVersion = 16.1;
						TestTargetID = 68CA11572D0866CE0040A1BF;
					};
				};
			};
			buildConfigurationList = 68CA11532D0866CE0040A1BF /* Build configuration list for PBXProject "WidgetLayout" */;
			developmentRegion = en;
			hasScannedForEncodings = 0;
			knownRegions = (
				en,
				Base,
			);
			mainGroup = 68CA114F2D0866CE0040A1BF;
			minimizedProjectReferenceProxies = 1;
			preferredProjectObjectVersion = 77;
			productRefGroup = 68CA11592D0866CE0040A1BF /* Products */;
			projectDirPath = "";
			projectRoot = "";
			targets = (
				68CA11572D0866CE0040A1BF /* WidgetLayout */,
				68CA11692D0866CF0040A1BF /* WidgetLayoutTests */,
				68CA11732D0866CF0040A1BF /* WidgetLayoutUITests */,
			);
		};
/* End PBXProject section */

/* Begin PBXResourcesBuildPhase section */
		68CA11562D0866CE0040A1BF /* Resources */ = {
			isa = PBXResourcesBuildPhase;
			buildActionMask = 2147483647;
			files = (
			);
			runOnlyForDeploymentPostprocessing = 0;
		};
		68CA11682D0866CF0040A1BF /* Resources */ = {
			isa = PBXResourcesBuildPhase;
			buildActionMask = 2147483647;
			files = (
			);
			runOnlyForDeploymentPostprocessing = 0;
		};
		68CA11722D0866CF0040A1BF /* Resources */ = {
			isa = PBXResourcesBuildPhase;
			buildActionMask = 2147483647;
			files = (
			);
			runOnlyForDeploymentPostprocessing = 0;
		};
/* End PBXResourcesBuildPhase section */

/* Begin PBXSourcesBuildPhase section */
		68CA11542D0866CE0040A1BF /* Sources */ = {
			isa = PBXSourcesBuildPhase;
			buildActionMask = 2147483647;
			files = (
			);
			runOnlyForDeploymentPostprocessing = 0;
		};
		68CA11662D0866CF0040A1BF /* Sources */ = {
			isa = PBXSourcesBuildPhase;
			buildActionMask = 2147483647;
			files = (
			);
			runOnlyForDeploymentPostprocessing = 0;
		};
		68CA11702D0866CF0040A1BF /* Sources */ = {
			isa = PBXSourcesBuildPhase;
			buildActionMask = 2147483647;
			files = (
			);
			runOnlyForDeploymentPostprocessing = 0;
		};
/* End PBXSourcesBuildPhase section */

/* Begin PBXTargetDependency section */
		68CA116C2D0866CF0040A1BF /* PBXTargetDependency */ = {
			isa = PBXTargetDependency;
			target = 68CA11572D0866CE0040A1BF /* WidgetLayout */;
			targetProxy = 68CA116B2D0866CF0040A1BF /* PBXContainerItemProxy */;
		};
		68CA11762D0866CF0040A1BF /* PBXTargetDependency */ = {
			isa = PBXTargetDependency;
			target = 68CA11572D0866CE0040A1BF /* WidgetLayout */;
			targetProxy = 68CA11752D0866CF0040A1BF /* PBXContainerItemProxy */;
		};
/* End PBXTargetDependency section */

/* Begin XCBuildConfiguration section */
		68CA117C2D0866CF0040A1BF /* Debug */ = {
			isa = XCBuildConfiguration;
			buildSettings = {
				ALWAYS_SEARCH_USER_PATHS = NO;
				ASSETCATALOG_COMPILER_GENERATE_SWIFT_ASSET_SYMBOL_EXTENSIONS = YES;
				CLANG_ANALYZER_NONNULL = YES;
				CLANG_ANALYZER_NUMBER_OBJECT_CONVERSION = YES_AGGRESSIVE;
				CLANG_CXX_LANGUAGE_STANDARD = "gnu++20";
				CLANG_ENABLE_MODULES = YES;
				CLANG_ENABLE_OBJC_ARC = YES;
				CLANG_ENABLE_OBJC_WEAK = YES;
				CLANG_WARN_BLOCK_CAPTURE_AUTORELEASING = YES;
				CLANG_WARN_BOOL_CONVERSION = YES;
				CLANG_WARN_COMMA = YES;
				CLANG_WARN_CONSTANT_CONVERSION = YES;
				CLANG_WARN_DEPRECATED_OBJC_IMPLEMENTATIONS = YES;
				CLANG_WARN_DIRECT_OBJC_ISA_USAGE = YES_ERROR;
				CLANG_WARN_DOCUMENTATION_COMMENTS = YES;
				CLANG_WARN_EMPTY_BODY = YES;
				CLANG_WARN_ENUM_CONVERSION = YES;
				CLANG_WARN_INFINITE_RECURSION = YES;
				CLANG_WARN_INT_CONVERSION = YES;
				CLANG_WARN_NON_LITERAL_NULL_CONVERSION = YES;
				CLANG_WARN_OBJC_IMPLICIT_RETAIN_SELF = YES;
				CLANG_WARN_OBJC_LITERAL_CONVERSION = YES;
				CLANG_WARN_OBJC_ROOT_CLASS = YES_ERROR;
				CLANG_WARN_QUOTED_INCLUDE_IN_FRAMEWORK_HEADER = YES;
				CLANG_WARN_RANGE_LOOP_ANALYSIS = YES;
				CLANG_WARN_STRICT_PROTOTYPES = YES;
				CLANG_WARN_SUSPICIOUS_MOVE = YES;
				CLANG_WARN_UNGUARDED_AVAILABILITY = YES_AGGRESSIVE;
				CLANG_WARN_UNREACHABLE_CODE = YES;
				CLANG_WARN__DUPLICATE_METHOD_MATCH = YES;
				COPY_PHASE_STRIP = NO;
				DEBUG_INFORMATION_FORMAT = dwarf;
				ENABLE_STRICT_OBJC_MSGSEND = YES;
				ENABLE_TESTABILITY = YES;
				ENABLE_USER_SCRIPT_SANDBOXING = YES;
				GCC_C_LANGUAGE_STANDARD = gnu17;
				GCC_DYNAMIC_NO_PIC = NO;
				GCC_NO_COMMON_BLOCKS = YES;
				GCC_OPTIMIZATION_LEVEL = 0;
				GCC_PREPROCESSOR_DEFINITIONS = (
					"DEBUG=1",
					"$(inherited)",
				);
				GCC_WARN_64_TO_32_BIT_CONVERSION = YES;
				GCC_WARN_ABOUT_RETURN_TYPE = YES_ERROR;
				GCC_WARN_UNDECLARED_SELECTOR = YES;
				GCC_WARN_UNINITIALIZED_AUTOS = YES_AGGRESSIVE;
				GCC_WARN_UNUSED_FUNCTION = YES;
				GCC_WARN_UNUSED_VARIABLE = YES;
				IPHONEOS_DEPLOYMENT_TARGET = 18.1;
				LOCALIZATION_PREFERS_STRING_CATALOGS = YES;
				MTL_ENABLE_DEBUG_INFO = INCLUDE_SOURCE;
				MTL_FAST_MATH = YES;
				ONLY_ACTIVE_ARCH = YES;
				SDKROOT = iphoneos;
				SWIFT_ACTIVE_COMPILATION_CONDITIONS = "DEBUG $(inherited)";
				SWIFT_OPTIMIZATION_LEVEL = "-Onone";
			};
			name = Debug;
		};
		68CA117D2D0866CF0040A1BF /* Release */ = {
			isa = XCBuildConfiguration;
			buildSettings = {
				ALWAYS_SEARCH_USER_PATHS = NO;
				ASSETCATALOG_COMPILER_GENERATE_SWIFT_ASSET_SYMBOL_EXTENSIONS = YES;
				CLANG_ANALYZER_NONNULL = YES;
				CLANG_ANALYZER_NUMBER_OBJECT_CONVERSION = YES_AGGRESSIVE;
				CLANG_CXX_LANGUAGE_STANDARD = "gnu++20";
				CLANG_ENABLE_MODULES = YES;
				CLANG_ENABLE_OBJC_ARC = YES;
				CLANG_ENABLE_OBJC_WEAK = YES;
				CLANG_WARN_BLOCK_CAPTURE_AUTORELEASING = YES;
				CLANG_WARN_BOOL_CONVERSION = YES;
				CLANG_WARN_COMMA = YES;
				CLANG_WARN_CONSTANT_CONVERSION = YES;
				CLANG_WARN_DEPRECATED_OBJC_IMPLEMENTATIONS = YES;
				CLANG_WARN_DIRECT_OBJC_ISA_USAGE = YES_ERROR;
				CLANG_WARN_DOCUMENTATION_COMMENTS = YES;
				CLANG_WARN_EMPTY_BODY = YES;
				CLANG_WARN_ENUM_CONVERSION = YES;
				CLANG_WARN_INFINITE_RECURSION = YES;
				CLANG_WARN_INT_CONVERSION = YES;
				CLANG_WARN_NON_LITERAL_NULL_CONVERSION = YES;
				CLANG_WARN_OBJC_IMPLICIT_RETAIN_SELF = YES;
				CLANG_WARN_OBJC_LITERAL_CONVERSION = YES;
				CLANG_WARN_OBJC_ROOT_CLASS = YES_ERROR;
				CLANG_WARN_QUOTED_INCLUDE_IN_FRAMEWORK_HEADER = YES;
				CLANG_WARN_RANGE_LOOP_ANALYSIS = YES;
				CLANG_WARN_STRICT_PROTOTYPES = YES;
				CLANG_WARN_SUSPICIOUS_MOVE = YES;
				CLANG_WARN_UNGUARDED_AVAILABILITY = YES_AGGRESSIVE;
				CLANG_WARN_UNREACHABLE_CODE = YES;
				CLANG_WARN__DUPLICATE_METHOD_MATCH = YES;
				COPY_PHASE_STRIP = NO;
				DEBUG_INFORMATION_FORMAT = "dwarf-with-dsym";
				ENABLE_NS_ASSERTIONS = NO;
				ENABLE_STRICT_OBJC_MSGSEND = YES;
				ENABLE_USER_SCRIPT_SANDBOXING = YES;
				GCC_C_LANGUAGE_STANDARD = gnu17;
				GCC_NO_COMMON_BLOCKS = YES;
				GCC_WARN_64_TO_32_BIT_CONVERSION = YES;
				GCC_WARN_ABOUT_RETURN_TYPE = YES_ERROR;
				GCC_WARN_UNDECLARED_SELECTOR = YES;
				GCC_WARN_UNINITIALIZED_AUTOS = YES_AGGRESSIVE;
				GCC_WARN_UNUSED_FUNCTION = YES;
				GCC_WARN_UNUSED_VARIABLE = YES;
				IPHONEOS_DEPLOYMENT_TARGET = 18.1;
				LOCALIZATION_PREFERS_STRING_CATALOGS = YES;
				MTL_ENABLE_DEBUG_INFO = NO;
				MTL_FAST_MATH = YES;
				SDKROOT = iphoneos;
				SWIFT_COMPILATION_MODE = wholemodule;
				VALIDATE_PRODUCT = YES;
			};
			name = Release;
		};
		68CA117F2D0866CF0040A1BF /* Debug */ = {
			isa = XCBuildConfiguration;
			buildSettings = {
				ASSETCATALOG_COMPILER_APPICON_NAME = AppIcon;
				ASSETCATALOG_COMPILER_GLOBAL_ACCENT_COLOR_NAME = AccentColor;
				CODE_SIGN_STYLE = Automatic;
				CURRENT_PROJECT_VERSION = 1;
				DEVELOPMENT_ASSET_PATHS = "\"WidgetLayout/Preview Content\"";
				ENABLE_PREVIEWS = YES;
				GENERATE_INFOPLIST_FILE = YES;
				INFOPLIST_KEY_UIApplicationSceneManifest_Generation = YES;
				INFOPLIST_KEY_UIApplicationSupportsIndirectInputEvents = YES;
				INFOPLIST_KEY_UILaunchScreen_Generation = YES;
				INFOPLIST_KEY_UISupportedInterfaceOrientations_iPad = "UIInterfaceOrientationPortrait UIInterfaceOrientationPortraitUpsideDown UIInterfaceOrientationLandscapeLeft UIInterfaceOrientationLandscapeRight";
				INFOPLIST_KEY_UISupportedInterfaceOrientations_iPhone = "UIInterfaceOrientationPortrait UIInterfaceOrientationLandscapeLeft UIInterfaceOrientationLandscapeRight";
				LD_RUNPATH_SEARCH_PATHS = (
					"$(inherited)",
					"@executable_path/Frameworks",
				);
				MARKETING_VERSION = 1.0;
				PRODUCT_BUNDLE_IDENTIFIER = self.elvis.assignment.WidgetLayout;
				PRODUCT_NAME = "$(TARGET_NAME)";
				SWIFT_EMIT_LOC_STRINGS = YES;
				SWIFT_VERSION = 5.0;
				TARGETED_DEVICE_FAMILY = "1,2";
			};
			name = Debug;
		};
		68CA11802D0866CF0040A1BF /* Release */ = {
			isa = XCBuildConfiguration;
			buildSettings = {
				ASSETCATALOG_COMPILER_APPICON_NAME = AppIcon;
				ASSETCATALOG_COMPILER_GLOBAL_ACCENT_COLOR_NAME = AccentColor;
				CODE_SIGN_STYLE = Automatic;
				CURRENT_PROJECT_VERSION = 1;
				DEVELOPMENT_ASSET_PATHS = "\"WidgetLayout/Preview Content\"";
				ENABLE_PREVIEWS = YES;
				GENERATE_INFOPLIST_FILE = YES;
				INFOPLIST_KEY_UIApplicationSceneManifest_Generation = YES;
				INFOPLIST_KEY_UIApplicationSupportsIndirectInputEvents = YES;
				INFOPLIST_KEY_UILaunchScreen_Generation = YES;
				INFOPLIST_KEY_UISupportedInterfaceOrientations_iPad = "UIInterfaceOrientationPortrait UIInterfaceOrientationPortraitUpsideDown UIInterfaceOrientationLandscapeLeft UIInterfaceOrientationLandscapeRight";
				INFOPLIST_KEY_UISupportedInterfaceOrientations_iPhone = "UIInterfaceOrientationPortrait UIInterfaceOrientationLandscapeLeft UIInterfaceOrientationLandscapeRight";
				LD_RUNPATH_SEARCH_PATHS = (
					"$(inherited)",
					"@executable_path/Frameworks",
				);
				MARKETING_VERSION = 1.0;
				PRODUCT_BUNDLE_IDENTIFIER = self.elvis.assignment.WidgetLayout;
				PRODUCT_NAME = "$(TARGET_NAME)";
				SWIFT_EMIT_LOC_STRINGS = YES;
				SWIFT_VERSION = 5.0;
				TARGETED_DEVICE_FAMILY = "1,2";
			};
			name = Release;
		};
		68CA11822D0866CF0040A1BF /* Debug */ = {
			isa = XCBuildConfiguration;
			buildSettings = {
				BUNDLE_LOADER = "$(TEST_HOST)";
				CODE_SIGN_STYLE = Automatic;
				CURRENT_PROJECT_VERSION = 1;
				GENERATE_INFOPLIST_FILE = YES;
				IPHONEOS_DEPLOYMENT_TARGET = 18.1;
				MARKETING_VERSION = 1.0;
				PRODUCT_BUNDLE_IDENTIFIER = self.elvis.assignment.WidgetLayoutTests;
				PRODUCT_NAME = "$(TARGET_NAME)";
				SWIFT_EMIT_LOC_STRINGS = NO;
				SWIFT_VERSION = 5.0;
				TARGETED_DEVICE_FAMILY = "1,2";
				TEST_HOST = "$(BUILT_PRODUCTS_DIR)/WidgetLayout.app/$(BUNDLE_EXECUTABLE_FOLDER_PATH)/WidgetLayout";
			};
			name = Debug;
		};
		68CA11832D0866CF0040A1BF /* Release */ = {
			isa = XCBuildConfiguration;
			buildSettings = {
				BUNDLE_LOADER = "$(TEST_HOST)";
				CODE_SIGN_STYLE = Automatic;
				CURRENT_PROJECT_VERSION = 1;
				GENERATE_INFOPLIST_FILE = YES;
				IPHONEOS_DEPLOYMENT_TARGET = 18.1;
				MARKETING_VERSION = 1.0;
				PRODUCT_BUNDLE_IDENTIFIER = self.elvis.assignment.WidgetLayoutTests;
				PRODUCT_NAME = "$(TARGET_NAME)";
				SWIFT_EMIT_LOC_STRINGS = NO;
				SWIFT_VERSION = 5.0;
				TARGETED_DEVICE_FAMILY = "1,2";
				TEST_HOST = "$(BUILT_PRODUCTS_DIR)/WidgetLayout.app/$(BUNDLE_EXECUTABLE_FOLDER_PATH)/WidgetLayout";
			};
			name = Release;
		};
		68CA11852D0866CF0040A1BF /* Debug */ = {
			isa = XCBuildConfiguration;
			buildSettings = {
				CODE_SIGN_STYLE = Automatic;
				CURRENT_PROJECT_VERSION = 1;
				GENERATE_INFOPLIST_FILE = YES;
				MARKETING_VERSION = 1.0;
				PRODUCT_BUNDLE_IDENTIFIER = self.elvis.assignment.WidgetLayoutUITests;
				PRODUCT_NAME = "$(TARGET_NAME)";
				SWIFT_EMIT_LOC_STRINGS = NO;
				SWIFT_VERSION = 5.0;
				TARGETED_DEVICE_FAMILY = "1,2";
				TEST_TARGET_NAME = WidgetLayout;
			};
			name = Debug;
		};
		68CA11862D0866CF0040A1BF /* Release */ = {
			isa = XCBuildConfiguration;
			buildSettings = {
				CODE_SIGN_STYLE = Automatic;
				CURRENT_PROJECT_VERSION = 1;
				GENERATE_INFOPLIST_FILE = YES;
				MARKETING_VERSION = 1.0;
				PRODUCT_BUNDLE_IDENTIFIER = self.elvis.assignment.WidgetLayoutUITests;
				PRODUCT_NAME = "$(TARGET_NAME)";
				SWIFT_EMIT_LOC_STRINGS = NO;
				SWIFT_VERSION = 5.0;
				TARGETED_DEVICE_FAMILY = "1,2";
				TEST_TARGET_NAME = WidgetLayout;
			};
			name = Release;
		};
/* End XCBuildConfiguration section */

/* Begin XCConfigurationList section */
		68CA11532D0866CE0040A1BF /* Build configuration list for PBXProject "WidgetLayout" */ = {
			isa = XCConfigurationList;
			buildConfigurations = (
				68CA117C2D0866CF0040A1BF /* Debug */,
				68CA117D2D0866CF0040A1BF /* Release */,
			);
			defaultConfigurationIsVisible = 0;
			defaultConfigurationName = Release;
		};
		68CA117E2D0866CF0040A1BF /* Build configuration list for PBXNativeTarget "WidgetLayout" */ = {
			isa = XCConfigurationList;
			buildConfigurations = (
				68CA117F2D0866CF0040A1BF /* Debug */,
				68CA11802D0866CF0040A1BF /* Release */,
			);
			defaultConfigurationIsVisible = 0;
			defaultConfigurationName = Release;
		};
		68CA11812D0866CF0040A1BF /* Build configuration list for PBXNativeTarget "WidgetLayoutTests" */ = {
			isa = XCConfigurationList;
			buildConfigurations = (
				68CA11822D0866CF0040A1BF /* Debug */,
				68CA11832D0866CF0040A1BF /* Release */,
			);
			defaultConfigurationIsVisible = 0;
			defaultConfigurationName = Release;
		};
		68CA11842D0866CF0040A1BF /* Build configuration list for PBXNativeTarget "WidgetLayoutUITests" */ = {
			isa = XCConfigurationList;
			buildConfigurations = (
				68CA11852D0866CF0040A1BF /* Debug */,
				68CA11862D0866CF0040A1BF /* Release */,
			);
			defaultConfigurationIsVisible = 0;
			defaultConfigurationName = Release;
		};
/* End XCConfigurationList section */
	};
	rootObject = 68CA11502D0866CE0040A1BF /* Project object */;
}
